// !$*UTF8*$!
{
	archiveVersion = 1;
	classes = {
	};
	objectVersion = 77;
	objects = {

/* Begin PBXContainerItemProxy section */
		BF2CE2BF2DB7970B0023DA9E /* PBXContainerItemProxy */ = {
			isa = PBXContainerItemProxy;
			containerPortal = BF2CE2A62DB7970A0023DA9E /* Project object */;
			proxyType = 1;
			remoteGlobalIDString = BF2CE2AD2DB7970A0023DA9E;
			remoteInfo = NitraTakeHomeProject;
		};
		BF2CE2C92DB7970B0023DA9E /* PBXContainerItemProxy */ = {
			isa = PBXContainerItemProxy;
			containerPortal = BF2CE2A62DB7970A0023DA9E /* Project object */;
			proxyType = 1;
			remoteGlobalIDString = BF2CE2AD2DB7970A0023DA9E;
			remoteInfo = NitraTakeHomeProject;
		};
/* End PBXContainerItemProxy section */

/* Begin PBXFileReference section */
		BF2CE2AE2DB7970A0023DA9E /* NitraTakeHomeProject.app */ = {isa = PBXFileReference; explicitFileType = wrapper.application; includeInIndex = 0; path = NitraTakeHomeProject.app; sourceTree = BUILT_PRODUCTS_DIR; };
		BF2CE2BE2DB7970B0023DA9E /* NitraTakeHomeProjectTests.xctest */ = {isa = PBXFileReference; explicitFileType = wrapper.cfbundle; includeInIndex = 0; path = NitraTakeHomeProjectTests.xctest; sourceTree = BUILT_PRODUCTS_DIR; };
		BF2CE2C82DB7970B0023DA9E /* NitraTakeHomeProjectUITests.xctest */ = {isa = PBXFileReference; explicitFileType = wrapper.cfbundle; includeInIndex = 0; path = NitraTakeHomeProjectUITests.xctest; sourceTree = BUILT_PRODUCTS_DIR; };
/* End PBXFileReference section */

/* Begin PBXFileSystemSynchronizedRootGroup section */
		BF2CE2B02DB7970A0023DA9E /* NitraTakeHomeProject */ = {
			isa = PBXFileSystemSynchronizedRootGroup;
			path = NitraTakeHomeProject;
			sourceTree = "<group>";
		};
		BF2CE2C12DB7970B0023DA9E /* NitraTakeHomeProjectTests */ = {
			isa = PBXFileSystemSynchronizedRootGroup;
			path = NitraTakeHomeProjectTests;
			sourceTree = "<group>";
		};
		BF2CE2CB2DB7970B0023DA9E /* NitraTakeHomeProjectUITests */ = {
			isa = PBXFileSystemSynchronizedRootGroup;
			path = NitraTakeHomeProjectUITests;
			sourceTree = "<group>";
		};
/* End PBXFileSystemSynchronizedRootGroup section */

/* Begin PBXFrameworksBuildPhase section */
		BF2CE2AB2DB7970A0023DA9E /* Frameworks */ = {
			isa = PBXFrameworksBuildPhase;
			buildActionMask = 2147483647;
			files = (
			);
			runOnlyForDeploymentPostprocessing = 0;
		};
		BF2CE2BB2DB7970B0023DA9E /* Frameworks */ = {
			isa = PBXFrameworksBuildPhase;
			buildActionMask = 2147483647;
			files = (
			);
			runOnlyForDeploymentPostprocessing = 0;
		};
		BF2CE2C52DB7970B0023DA9E /* Frameworks */ = {
			isa = PBXFrameworksBuildPhase;
			buildActionMask = 2147483647;
			files = (
			);
			runOnlyForDeploymentPostprocessing = 0;
		};
/* End PBXFrameworksBuildPhase section */

/* Begin PBXGroup section */
		BF2CE2A52DB7970A0023DA9E = {
			isa = PBXGroup;
			children = (
				BF2CE2B02DB7970A0023DA9E /* NitraTakeHomeProject */,
				BF2CE2C12DB7970B0023DA9E /* NitraTakeHomeProjectTests */,
				BF2CE2CB2DB7970B0023DA9E /* NitraTakeHomeProjectUITests */,
				BF2CE2AF2DB7970A0023DA9E /* Products */,
			);
			sourceTree = "<group>";
		};
		BF2CE2AF2DB7970A0023DA9E /* Products */ = {
			isa = PBXGroup;
			children = (
				BF2CE2AE2DB7970A0023DA9E /* NitraTakeHomeProject.app */,
				BF2CE2BE2DB7970B0023DA9E /* NitraTakeHomeProjectTests.xctest */,
				BF2CE2C82DB7970B0023DA9E /* NitraTakeHomeProjectUITests.xctest */,
			);
			name = Products;
			sourceTree = "<group>";
		};
/* End PBXGroup section */

/* Begin PBXNativeTarget section */
		BF2CE2AD2DB7970A0023DA9E /* NitraTakeHomeProject */ = {
			isa = PBXNativeTarget;
			buildConfigurationList = BF2CE2D22DB7970B0023DA9E /* Build configuration list for PBXNativeTarget "NitraTakeHomeProject" */;
			buildPhases = (
				BF2CE2AA2DB7970A0023DA9E /* Sources */,
				BF2CE2AB2DB7970A0023DA9E /* Frameworks */,
				BF2CE2AC2DB7970A0023DA9E /* Resources */,
			);
			buildRules = (
			);
			dependencies = (
			);
			fileSystemSynchronizedGroups = (
				BF2CE2B02DB7970A0023DA9E /* NitraTakeHomeProject */,
			);
			name = NitraTakeHomeProject;
			packageProductDependencies = (
			);
			productName = NitraTakeHomeProject;
			productReference = BF2CE2AE2DB7970A0023DA9E /* NitraTakeHomeProject.app */;
			productType = "com.apple.product-type.application";
		};
		BF2CE2BD2DB7970B0023DA9E /* NitraTakeHomeProjectTests */ = {
			isa = PBXNativeTarget;
			buildConfigurationList = BF2CE2D52DB7970B0023DA9E /* Build configuration list for PBXNativeTarget "NitraTakeHomeProjectTests" */;
			buildPhases = (
				BF2CE2BA2DB7970B0023DA9E /* Sources */,
				BF2CE2BB2DB7970B0023DA9E /* Frameworks */,
				BF2CE2BC2DB7970B0023DA9E /* Resources */,
			);
			buildRules = (
			);
			dependencies = (
				BF2CE2C02DB7970B0023DA9E /* PBXTargetDependency */,
			);
			fileSystemSynchronizedGroups = (
				BF2CE2C12DB7970B0023DA9E /* NitraTakeHomeProjectTests */,
			);
			name = NitraTakeHomeProjectTests;
			packageProductDependencies = (
			);
			productName = NitraTakeHomeProjectTests;
			productReference = BF2CE2BE2DB7970B0023DA9E /* NitraTakeHomeProjectTests.xctest */;
			productType = "com.apple.product-type.bundle.unit-test";
		};
		BF2CE2C72DB7970B0023DA9E /* NitraTakeHomeProjectUITests */ = {
			isa = PBXNativeTarget;
			buildConfigurationList = BF2CE2D82DB7970B0023DA9E /* Build configuration list for PBXNativeTarget "NitraTakeHomeProjectUITests" */;
			buildPhases = (
				BF2CE2C42DB7970B0023DA9E /* Sources */,
				BF2CE2C52DB7970B0023DA9E /* Frameworks */,
				BF2CE2C62DB7970B0023DA9E /* Resources */,
			);
			buildRules = (
			);
			dependencies = (
				BF2CE2CA2DB7970B0023DA9E /* PBXTargetDependency */,
			);
			fileSystemSynchronizedGroups = (
				BF2CE2CB2DB7970B0023DA9E /* NitraTakeHomeProjectUITests */,
			);
			name = NitraTakeHomeProjectUITests;
			packageProductDependencies = (
			);
			productName = NitraTakeHomeProjectUITests;
			productReference = BF2CE2C82DB7970B0023DA9E /* NitraTakeHomeProjectUITests.xctest */;
			productType = "com.apple.product-type.bundle.ui-testing";
		};
/* End PBXNativeTarget section */

/* Begin PBXProject section */
		BF2CE2A62DB7970A0023DA9E /* Project object */ = {
			isa = PBXProject;
			attributes = {
				BuildIndependentTargetsInParallel = 1;
				LastSwiftUpdateCheck = 1620;
				LastUpgradeCheck = 1620;
				TargetAttributes = {
					BF2CE2AD2DB7970A0023DA9E = {
						CreatedOnToolsVersion = 16.2;
					};
					BF2CE2BD2DB7970B0023DA9E = {
						CreatedOnToolsVersion = 16.2;
						TestTargetID = BF2CE2AD2DB7970A0023DA9E;
					};
					BF2CE2C72DB7970B0023DA9E = {
						CreatedOnToolsVersion = 16.2;
						TestTargetID = BF2CE2AD2DB7970A0023DA9E;
					};
				};
			};
			buildConfigurationList = BF2CE2A92DB7970A0023DA9E /* Build configuration list for PBXProject "NitraTakeHomeProject" */;
			developmentRegion = en;
			hasScannedForEncodings = 0;
			knownRegions = (
				en,
				Base,
			);
			mainGroup = BF2CE2A52DB7970A0023DA9E;
			minimizedProjectReferenceProxies = 1;
			preferredProjectObjectVersion = 77;
			productRefGroup = BF2CE2AF2DB7970A0023DA9E /* Products */;
			projectDirPath = "";
			projectRoot = "";
			targets = (
				BF2CE2AD2DB7970A0023DA9E /* NitraTakeHomeProject */,
				BF2CE2BD2DB7970B0023DA9E /* NitraTakeHomeProjectTests */,
				BF2CE2C72DB7970B0023DA9E /* NitraTakeHomeProjectUITests */,
			);
		};
/* End PBXProject section */

/* Begin PBXResourcesBuildPhase section */
		BF2CE2AC2DB7970A0023DA9E /* Resources */ = {
			isa = PBXResourcesBuildPhase;
			buildActionMask = 2147483647;
			files = (
			);
			runOnlyForDeploymentPostprocessing = 0;
		};
		BF2CE2BC2DB7970B0023DA9E /* Resources */ = {
			isa = PBXResourcesBuildPhase;
			buildActionMask = 2147483647;
			files = (
			);
			runOnlyForDeploymentPostprocessing = 0;
		};
		BF2CE2C62DB7970B0023DA9E /* Resources */ = {
			isa = PBXResourcesBuildPhase;
			buildActionMask = 2147483647;
			files = (
			);
			runOnlyForDeploymentPostprocessing = 0;
		};
/* End PBXResourcesBuildPhase section */

/* Begin PBXSourcesBuildPhase section */
		BF2CE2AA2DB7970A0023DA9E /* Sources */ = {
			isa = PBXSourcesBuildPhase;
			buildActionMask = 2147483647;
			files = (
			);
			runOnlyForDeploymentPostprocessing = 0;
		};
		BF2CE2BA2DB7970B0023DA9E /* Sources */ = {
			isa = PBXSourcesBuildPhase;
			buildActionMask = 2147483647;
			files = (
			);
			runOnlyForDeploymentPostprocessing = 0;
		};
		BF2CE2C42DB7970B0023DA9E /* Sources */ = {
			isa = PBXSourcesBuildPhase;
			buildActionMask = 2147483647;
			files = (
			);
			runOnlyForDeploymentPostprocessing = 0;
		};
/* End PBXSourcesBuildPhase section */

/* Begin PBXTargetDependency section */
		BF2CE2C02DB7970B0023DA9E /* PBXTargetDependency */ = {
			isa = PBXTargetDependency;
			target = BF2CE2AD2DB7970A0023DA9E /* NitraTakeHomeProject */;
			targetProxy = BF2CE2BF2DB7970B0023DA9E /* PBXContainerItemProxy */;
		};
		BF2CE2CA2DB7970B0023DA9E /* PBXTargetDependency */ = {
			isa = PBXTargetDependency;
			target = BF2CE2AD2DB7970A0023DA9E /* NitraTakeHomeProject */;
			targetProxy = BF2CE2C92DB7970B0023DA9E /* PBXContainerItemProxy */;
		};
/* End PBXTargetDependency section */

/* Begin XCBuildConfiguration section */
		BF2CE2D02DB7970B0023DA9E /* Debug */ = {
			isa = XCBuildConfiguration;
			buildSettings = {
				ALWAYS_SEARCH_USER_PATHS = NO;
				ASSETCATALOG_COMPILER_GENERATE_SWIFT_ASSET_SYMBOL_EXTENSIONS = YES;
				CLANG_ANALYZER_NONNULL = YES;
				CLANG_ANALYZER_NUMBER_OBJECT_CONVERSION = YES_AGGRESSIVE;
				CLANG_CXX_LANGUAGE_STANDARD = "gnu++20";
				CLANG_ENABLE_MODULES = YES;
				CLANG_ENABLE_OBJC_ARC = YES;
				CLANG_ENABLE_OBJC_WEAK = YES;
				CLANG_WARN_BLOCK_CAPTURE_AUTORELEASING = YES;
				CLANG_WARN_BOOL_CONVERSION = YES;
				CLANG_WARN_COMMA = YES;
				CLANG_WARN_CONSTANT_CONVERSION = YES;
				CLANG_WARN_DEPRECATED_OBJC_IMPLEMENTATIONS = YES;
				CLANG_WARN_DIRECT_OBJC_ISA_USAGE = YES_ERROR;
				CLANG_WARN_DOCUMENTATION_COMMENTS = YES;
				CLANG_WARN_EMPTY_BODY = YES;
				CLANG_WARN_ENUM_CONVERSION = YES;
				CLANG_WARN_INFINITE_RECURSION = YES;
				CLANG_WARN_INT_CONVERSION = YES;
				CLANG_WARN_NON_LITERAL_NULL_CONVERSION = YES;
				CLANG_WARN_OBJC_IMPLICIT_RETAIN_SELF = YES;
				CLANG_WARN_OBJC_LITERAL_CONVERSION = YES;
				CLANG_WARN_OBJC_ROOT_CLASS = YES_ERROR;
				CLANG_WARN_QUOTED_INCLUDE_IN_FRAMEWORK_HEADER = YES;
				CLANG_WARN_RANGE_LOOP_ANALYSIS = YES;
				CLANG_WARN_STRICT_PROTOTYPES = YES;
				CLANG_WARN_SUSPICIOUS_MOVE = YES;
				CLANG_WARN_UNGUARDED_AVAILABILITY = YES_AGGRESSIVE;
				CLANG_WARN_UNREACHABLE_CODE = YES;
				CLANG_WARN__DUPLICATE_METHOD_MATCH = YES;
				COPY_PHASE_STRIP = NO;
				DEBUG_INFORMATION_FORMAT = dwarf;
				ENABLE_STRICT_OBJC_MSGSEND = YES;
				ENABLE_TESTABILITY = YES;
				ENABLE_USER_SCRIPT_SANDBOXING = YES;
				GCC_C_LANGUAGE_STANDARD = gnu17;
				GCC_DYNAMIC_NO_PIC = NO;
				GCC_NO_COMMON_BLOCKS = YES;
				GCC_OPTIMIZATION_LEVEL = 0;
				GCC_PREPROCESSOR_DEFINITIONS = (
					"DEBUG=1",
					"$(inherited)",
				);
				GCC_WARN_64_TO_32_BIT_CONVERSION = YES;
				GCC_WARN_ABOUT_RETURN_TYPE = YES_ERROR;
				GCC_WARN_UNDECLARED_SELECTOR = YES;
				GCC_WARN_UNINITIALIZED_AUTOS = YES_AGGRESSIVE;
				GCC_WARN_UNUSED_FUNCTION = YES;
				GCC_WARN_UNUSED_VARIABLE = YES;
				IPHONEOS_DEPLOYMENT_TARGET = 18.2;
				LOCALIZATION_PREFERS_STRING_CATALOGS = YES;
				MTL_ENABLE_DEBUG_INFO = INCLUDE_SOURCE;
				MTL_FAST_MATH = YES;
				ONLY_ACTIVE_ARCH = YES;
				SDKROOT = iphoneos;
				SWIFT_ACTIVE_COMPILATION_CONDITIONS = "DEBUG $(inherited)";
				SWIFT_OPTIMIZATION_LEVEL = "-Onone";
			};
			name = Debug;
		};
		BF2CE2D12DB7970B0023DA9E /* Release */ = {
			isa = XCBuildConfiguration;
			buildSettings = {
				ALWAYS_SEARCH_USER_PATHS = NO;
				ASSETCATALOG_COMPILER_GENERATE_SWIFT_ASSET_SYMBOL_EXTENSIONS = YES;
				CLANG_ANALYZER_NONNULL = YES;
				CLANG_ANALYZER_NUMBER_OBJECT_CONVERSION = YES_AGGRESSIVE;
				CLANG_CXX_LANGUAGE_STANDARD = "gnu++20";
				CLANG_ENABLE_MODULES = YES;
				CLANG_ENABLE_OBJC_ARC = YES;
				CLANG_ENABLE_OBJC_WEAK = YES;
				CLANG_WARN_BLOCK_CAPTURE_AUTORELEASING = YES;
				CLANG_WARN_BOOL_CONVERSION = YES;
				CLANG_WARN_COMMA = YES;
				CLANG_WARN_CONSTANT_CONVERSION = YES;
				CLANG_WARN_DEPRECATED_OBJC_IMPLEMENTATIONS = YES;
				CLANG_WARN_DIRECT_OBJC_ISA_USAGE = YES_ERROR;
				CLANG_WARN_DOCUMENTATION_COMMENTS = YES;
				CLANG_WARN_EMPTY_BODY = YES;
				CLANG_WARN_ENUM_CONVERSION = YES;
				CLANG_WARN_INFINITE_RECURSION = YES;
				CLANG_WARN_INT_CONVERSION = YES;
				CLANG_WARN_NON_LITERAL_NULL_CONVERSION = YES;
				CLANG_WARN_OBJC_IMPLICIT_RETAIN_SELF = YES;
				CLANG_WARN_OBJC_LITERAL_CONVERSION = YES;
				CLANG_WARN_OBJC_ROOT_CLASS = YES_ERROR;
				CLANG_WARN_QUOTED_INCLUDE_IN_FRAMEWORK_HEADER = YES;
				CLANG_WARN_RANGE_LOOP_ANALYSIS = YES;
				CLANG_WARN_STRICT_PROTOTYPES = YES;
				CLANG_WARN_SUSPICIOUS_MOVE = YES;
				CLANG_WARN_UNGUARDED_AVAILABILITY = YES_AGGRESSIVE;
				CLANG_WARN_UNREACHABLE_CODE = YES;
				CLANG_WARN__DUPLICATE_METHOD_MATCH = YES;
				COPY_PHASE_STRIP = NO;
				DEBUG_INFORMATION_FORMAT = "dwarf-with-dsym";
				ENABLE_NS_ASSERTIONS = NO;
				ENABLE_STRICT_OBJC_MSGSEND = YES;
				ENABLE_USER_SCRIPT_SANDBOXING = YES;
				GCC_C_LANGUAGE_STANDARD = gnu17;
				GCC_NO_COMMON_BLOCKS = YES;
				GCC_WARN_64_TO_32_BIT_CONVERSION = YES;
				GCC_WARN_ABOUT_RETURN_TYPE = YES_ERROR;
				GCC_WARN_UNDECLARED_SELECTOR = YES;
				GCC_WARN_UNINITIALIZED_AUTOS = YES_AGGRESSIVE;
				GCC_WARN_UNUSED_FUNCTION = YES;
				GCC_WARN_UNUSED_VARIABLE = YES;
				IPHONEOS_DEPLOYMENT_TARGET = 18.2;
				LOCALIZATION_PREFERS_STRING_CATALOGS = YES;
				MTL_ENABLE_DEBUG_INFO = NO;
				MTL_FAST_MATH = YES;
				SDKROOT = iphoneos;
				SWIFT_COMPILATION_MODE = wholemodule;
				VALIDATE_PRODUCT = YES;
			};
			name = Release;
		};
		BF2CE2D32DB7970B0023DA9E /* Debug */ = {
			isa = XCBuildConfiguration;
			buildSettings = {
				ASSETCATALOG_COMPILER_APPICON_NAME = AppIcon;
				ASSETCATALOG_COMPILER_GLOBAL_ACCENT_COLOR_NAME = AccentColor;
				CODE_SIGN_STYLE = Automatic;
				CURRENT_PROJECT_VERSION = 1;
				DEVELOPMENT_ASSET_PATHS = "\"NitraTakeHomeProject/Preview Content\"";
				DEVELOPMENT_TEAM = N492VC6PS9;
				ENABLE_PREVIEWS = YES;
				GENERATE_INFOPLIST_FILE = YES;
				INFOPLIST_KEY_CFBundleDisplayName = Nitra;
				INFOPLIST_KEY_UIApplicationSceneManifest_Generation = YES;
				INFOPLIST_KEY_UIApplicationSupportsIndirectInputEvents = YES;
				INFOPLIST_KEY_UILaunchScreen_Generation = YES;
				INFOPLIST_KEY_UISupportedInterfaceOrientations = UIInterfaceOrientationPortrait;
				INFOPLIST_KEY_UISupportedInterfaceOrientations_iPad = "UIInterfaceOrientationLandscapeLeft UIInterfaceOrientationLandscapeRight UIInterfaceOrientationPortrait UIInterfaceOrientationPortraitUpsideDown";
				LD_RUNPATH_SEARCH_PATHS = (
					"$(inherited)",
					"@executable_path/Frameworks",
				);
				MARKETING_VERSION = 1.0;
				PRODUCT_BUNDLE_IDENTIFIER = universeye.co.NitraTakeHomeProject;
				PRODUCT_NAME = "$(TARGET_NAME)";
				SUPPORTED_PLATFORMS = "iphoneos iphonesimulator";
				SUPPORTS_MACCATALYST = NO;
				SUPPORTS_MAC_DESIGNED_FOR_IPHONE_IPAD = NO;
				SUPPORTS_XR_DESIGNED_FOR_IPHONE_IPAD = NO;
				SWIFT_EMIT_LOC_STRINGS = YES;
				SWIFT_VERSION = 5.0;
				TARGETED_DEVICE_FAMILY = 1;
			};
			name = Debug;
		};
		BF2CE2D42DB7970B0023DA9E /* Release */ = {
			isa = XCBuildConfiguration;
			buildSettings = {
				ASSETCATALOG_COMPILER_APPICON_NAME = AppIcon;
				ASSETCATALOG_COMPILER_GLOBAL_ACCENT_COLOR_NAME = AccentColor;
				CODE_SIGN_STYLE = Automatic;
				CURRENT_PROJECT_VERSION = 1;
				DEVELOPMENT_ASSET_PATHS = "\"NitraTakeHomeProject/Preview Content\"";
				DEVELOPMENT_TEAM = N492VC6PS9;
				ENABLE_PREVIEWS = YES;
				GENERATE_INFOPLIST_FILE = YES;
				INFOPLIST_KEY_CFBundleDisplayName = Nitra;
				INFOPLIST_KEY_UIApplicationSceneManifest_Generation = YES;
				INFOPLIST_KEY_UIApplicationSupportsIndirectInputEvents = YES;
				INFOPLIST_KEY_UILaunchScreen_Generation = YES;
				INFOPLIST_KEY_UISupportedInterfaceOrientations = UIInterfaceOrientationPortrait;
				INFOPLIST_KEY_UISupportedInterfaceOrientations_iPad = "UIInterfaceOrientationLandscapeLeft UIInterfaceOrientationLandscapeRight UIInterfaceOrientationPortrait UIInterfaceOrientationPortraitUpsideDown";
				LD_RUNPATH_SEARCH_PATHS = (
					"$(inherited)",
					"@executable_path/Frameworks",
				);
				MARKETING_VERSION = 1.0;
				PRODUCT_BUNDLE_IDENTIFIER = universeye.co.NitraTakeHomeProject;
				PRODUCT_NAME = "$(TARGET_NAME)";
				SUPPORTED_PLATFORMS = "iphoneos iphonesimulator";
				SUPPORTS_MACCATALYST = NO;
				SUPPORTS_MAC_DESIGNED_FOR_IPHONE_IPAD = NO;
				SUPPORTS_XR_DESIGNED_FOR_IPHONE_IPAD = NO;
				SWIFT_EMIT_LOC_STRINGS = YES;
				SWIFT_VERSION = 5.0;
				TARGETED_DEVICE_FAMILY = 1;
			};
			name = Release;
		};
		BF2CE2D62DB7970B0023DA9E /* Debug */ = {
			isa = XCBuildConfiguration;
			buildSettings = {
				BUNDLE_LOADER = "$(TEST_HOST)";
				CODE_SIGN_STYLE = Automatic;
				CURRENT_PROJECT_VERSION = 1;
				DEVELOPMENT_TEAM = N492VC6PS9;
				GENERATE_INFOPLIST_FILE = YES;
				IPHONEOS_DEPLOYMENT_TARGET = 18.2;
				MARKETING_VERSION = 1.0;
				PRODUCT_BUNDLE_IDENTIFIER = universeye.co.NitraTakeHomeProjectTests;
				PRODUCT_NAME = "$(TARGET_NAME)";
				SWIFT_EMIT_LOC_STRINGS = NO;
				SWIFT_VERSION = 5.0;
				TARGETED_DEVICE_FAMILY = "1,2";
				TEST_HOST = "$(BUILT_PRODUCTS_DIR)/NitraTakeHomeProject.app/$(BUNDLE_EXECUTABLE_FOLDER_PATH)/NitraTakeHomeProject";
			};
			name = Debug;
		};
		BF2CE2D72DB7970B0023DA9E /* Release */ = {
			isa = XCBuildConfiguration;
			buildSettings = {
				BUNDLE_LOADER = "$(TEST_HOST)";
				CODE_SIGN_STYLE = Automatic;
				CURRENT_PROJECT_VERSION = 1;
				DEVELOPMENT_TEAM = N492VC6PS9;
				GENERATE_INFOPLIST_FILE = YES;
				IPHONEOS_DEPLOYMENT_TARGET = 18.2;
				MARKETING_VERSION = 1.0;
				PRODUCT_BUNDLE_IDENTIFIER = universeye.co.NitraTakeHomeProjectTests;
				PRODUCT_NAME = "$(TARGET_NAME)";
				SWIFT_EMIT_LOC_STRINGS = NO;
				SWIFT_VERSION = 5.0;
				TARGETED_DEVICE_FAMILY = "1,2";
				TEST_HOST = "$(BUILT_PRODUCTS_DIR)/NitraTakeHomeProject.app/$(BUNDLE_EXECUTABLE_FOLDER_PATH)/NitraTakeHomeProject";
			};
			name = Release;
		};
		BF2CE2D92DB7970B0023DA9E /* Debug */ = {
			isa = XCBuildConfiguration;
			buildSettings = {
				CODE_SIGN_STYLE = Automatic;
				CURRENT_PROJECT_VERSION = 1;
				DEVELOPMENT_TEAM = N492VC6PS9;
				GENERATE_INFOPLIST_FILE = YES;
				MARKETING_VERSION = 1.0;
				PRODUCT_BUNDLE_IDENTIFIER = universeye.co.NitraTakeHomeProjectUITests;
				PRODUCT_NAME = "$(TARGET_NAME)";
				SWIFT_EMIT_LOC_STRINGS = NO;
				SWIFT_VERSION = 5.0;
				TARGETED_DEVICE_FAMILY = "1,2";
				TEST_TARGET_NAME = NitraTakeHomeProject;
			};
			name = Debug;
		};
		BF2CE2DA2DB7970B0023DA9E /* Release */ = {
			isa = XCBuildConfiguration;
			buildSettings = {
				CODE_SIGN_STYLE = Automatic;
				CURRENT_PROJECT_VERSION = 1;
				DEVELOPMENT_TEAM = N492VC6PS9;
				GENERATE_INFOPLIST_FILE = YES;
				MARKETING_VERSION = 1.0;
				PRODUCT_BUNDLE_IDENTIFIER = universeye.co.NitraTakeHomeProjectUITests;
				PRODUCT_NAME = "$(TARGET_NAME)";
				SWIFT_EMIT_LOC_STRINGS = NO;
				SWIFT_VERSION = 5.0;
				TARGETED_DEVICE_FAMILY = "1,2";
				TEST_TARGET_NAME = NitraTakeHomeProject;
			};
			name = Release;
		};
/* End XCBuildConfiguration section */

/* Begin XCConfigurationList section */
		BF2CE2A92DB7970A0023DA9E /* Build configuration list for PBXProject "NitraTakeHomeProject" */ = {
			isa = XCConfigurationList;
			buildConfigurations = (
				BF2CE2D02DB7970B0023DA9E /* Debug */,
				BF2CE2D12DB7970B0023DA9E /* Release */,
			);
			defaultConfigurationIsVisible = 0;
			defaultConfigurationName = Release;
		};
		BF2CE2D22DB7970B0023DA9E /* Build configuration list for PBXNativeTarget "NitraTakeHomeProject" */ = {
			isa = XCConfigurationList;
			buildConfigurations = (
				BF2CE2D32DB7970B0023DA9E /* Debug */,
				BF2CE2D42DB7970B0023DA9E /* Release */,
			);
			defaultConfigurationIsVisible = 0;
			defaultConfigurationName = Release;
		};
		BF2CE2D52DB7970B0023DA9E /* Build configuration list for PBXNativeTarget "NitraTakeHomeProjectTests" */ = {
			isa = XCConfigurationList;
			buildConfigurations = (
				BF2CE2D62DB7970B0023DA9E /* Debug */,
				BF2CE2D72DB7970B0023DA9E /* Release */,
			);
			defaultConfigurationIsVisible = 0;
			defaultConfigurationName = Release;
		};
		BF2CE2D82DB7970B0023DA9E /* Build configuration list for PBXNativeTarget "NitraTakeHomeProjectUITests" */ = {
			isa = XCConfigurationList;
			buildConfigurations = (
				BF2CE2D92DB7970B0023DA9E /* Debug */,
				BF2CE2DA2DB7970B0023DA9E /* Release */,
			);
			defaultConfigurationIsVisible = 0;
			defaultConfigurationName = Release;
		};
/* End XCConfigurationList section */
	};
	rootObject = BF2CE2A62DB7970A0023DA9E /* Project object */;
}
